
Microsoft Visual Studio Solution File, Format Version 12.00
# Visual Studio Version 16
VisualStudioVersion = 16.0.29411.138
MinimumVisualStudioVersion = 10.0.40219.1
Project("{FAE04EC0-301F-11D3-BF4B-00C04F79EFBC}") = "XFTransitiveMismatch.Android", "XFTransitiveMismatch\XFTransitiveMismatch.Android\XFTransitiveMismatch.Android.csproj", "{C3BFE736-EFEB-4E6F-AB41-8DB1107E79BD}"
EndProject
Project("{FAE04EC0-301F-11D3-BF4B-00C04F79EFBC}") = "XFTransitiveMismatch.iOS", "XFTransitiveMismatch\XFTransitiveMismatch.iOS\XFTransitiveMismatch.iOS.csproj", "{64F184FE-4385-4211-B49F-9E042DD3EFBB}"
EndProject
Project("{FAE04EC0-301F-11D3-BF4B-00C04F79EFBC}") = "XFTransitiveMismatch", "XFTransitiveMismatch\XFTransitiveMismatch\XFTransitiveMismatch.csproj", "{AA600E49-7F6A-42FA-B81D-9C33FAED202A}"
EndProject
Project("{FAE04EC0-301F-11D3-BF4B-00C04F79EFBC}") = "XamarinFormsSuperExtensions", "XamarinFormsSuperExtensions\XamarinFormsSuperExtensions.csproj", "{B934ADCA-35A3-448A-978F-53FC6D808005}"
EndProject
Global
	GlobalSection(SolutionConfigurationPlatforms) = preSolution
		Debug|Any CPU = Debug|Any CPU
		Debug|iPhone = Debug|iPhone
		Debug|iPhoneSimulator = Debug|iPhoneSimulator
		Release|Any CPU = Release|Any CPU
		Release|iPhone = Release|iPhone
		Release|iPhoneSimulator = Release|iPhoneSimulator
	EndGlobalSection
	GlobalSection(ProjectConfigurationPlatforms) = postSolution
		{C3BFE736-EFEB-4E6F-AB41-8DB1107E79BD}.Debug|Any CPU.ActiveCfg = Debug|Any CPU
		{C3BFE736-EFEB-4E6F-AB41-8DB1107E79BD}.Debug|Any CPU.Build.0 = Debug|Any CPU
		{C3BFE736-EFEB-4E6F-AB41-8DB1107E79BD}.Debug|Any CPU.Deploy.0 = Debug|Any CPU
		{C3BFE736-EFEB-4E6F-AB41-8DB1107E79BD}.Debug|iPhone.ActiveCfg = Debug|Any CPU
		{C3BFE736-EFEB-4E6F-AB41-8DB1107E79BD}.Debug|iPhone.Build.0 = Debug|Any CPU
		{C3BFE736-EFEB-4E6F-AB41-8DB1107E79BD}.Debug|iPhone.Deploy.0 = Debug|Any CPU
		{C3BFE736-EFEB-4E6F-AB41-8DB1107E79BD}.Debug|iPhoneSimulator.ActiveCfg = Debug|Any CPU
		{C3BFE736-EFEB-4E6F-AB41-8DB1107E79BD}.Debug|iPhoneSimulator.Build.0 = Debug|Any CPU
		{C3BFE736-EFEB-4E6F-AB41-8DB1107E79BD}.Debug|iPhoneSimulator.Deploy.0 = Debug|Any CPU
		{C3BFE736-EFEB-4E6F-AB41-8DB1107E79BD}.Release|Any CPU.ActiveCfg = Release|Any CPU
		{C3BFE736-EFEB-4E6F-AB41-8DB1107E79BD}.Release|Any CPU.Build.0 = Release|Any CPU
		{C3BFE736-EFEB-4E6F-AB41-8DB1107E79BD}.Release|Any CPU.Deploy.0 = Release|Any CPU
		{C3BFE736-EFEB-4E6F-AB41-8DB1107E79BD}.Release|iPhone.ActiveCfg = Release|Any CPU
		{C3BFE736-EFEB-4E6F-AB41-8DB1107E79BD}.Release|iPhone.Build.0 = Release|Any CPU
		{C3BFE736-EFEB-4E6F-AB41-8DB1107E79BD}.Release|iPhone.Deploy.0 = Release|Any CPU
		{C3BFE736-EFEB-4E6F-AB41-8DB1107E79BD}.Release|iPhoneSimulator.ActiveCfg = Release|Any CPU
		{C3BFE736-EFEB-4E6F-AB41-8DB1107E79BD}.Release|iPhoneSimulator.Build.0 = Release|Any CPU
		{C3BFE736-EFEB-4E6F-AB41-8DB1107E79BD}.Release|iPhoneSimulator.Deploy.0 = Release|Any CPU
		{64F184FE-4385-4211-B49F-9E042DD3EFBB}.Debug|Any CPU.ActiveCfg = Debug|iPhoneSimulator
		{64F184FE-4385-4211-B49F-9E042DD3EFBB}.Debug|Any CPU.Build.0 = Debug|iPhoneSimulator
		{64F184FE-4385-4211-B49F-9E042DD3EFBB}.Debug|Any CPU.Deploy.0 = Debug|iPhoneSimulator
		{64F184FE-4385-4211-B49F-9E042DD3EFBB}.Debug|iPhone.ActiveCfg = Debug|iPhone
		{64F184FE-4385-4211-B49F-9E042DD3EFBB}.Debug|iPhone.Build.0 = Debug|iPhone
		{64F184FE-4385-4211-B49F-9E042DD3EFBB}.Debug|iPhone.Deploy.0 = Debug|iPhone
		{64F184FE-4385-4211-B49F-9E042DD3EFBB}.Debug|iPhoneSimulator.ActiveCfg = Debug|iPhoneSimulator
		{64F184FE-4385-4211-B49F-9E042DD3EFBB}.Debug|iPhoneSimulator.Build.0 = Debug|iPhoneSimulator
		{64F184FE-4385-4211-B49F-9E042DD3EFBB}.Debug|iPhoneSimulator.Deploy.0 = Debug|iPhoneSimulator
		{64F184FE-4385-4211-B49F-9E042DD3EFBB}.Release|Any CPU.ActiveCfg = Release|iPhone
		{64F184FE-4385-4211-B49F-9E042DD3EFBB}.Release|Any CPU.Build.0 = Release|iPhone
		{64F184FE-4385-4211-B49F-9E042DD3EFBB}.Release|Any CPU.Deploy.0 = Release|iPhone
		{64F184FE-4385-4211-B49F-9E042DD3EFBB}.Release|iPhone.ActiveCfg = Release|iPhone
		{64F184FE-4385-4211-B49F-9E042DD3EFBB}.Release|iPhone.Build.0 = Release|iPhone
		{64F184FE-4385-4211-B49F-9E042DD3EFBB}.Release|iPhone.Deploy.0 = Release|iPhone
		{64F184FE-4385-4211-B49F-9E042DD3EFBB}.Release|iPhoneSimulator.ActiveCfg = Release|iPhoneSimulator
		{64F184FE-4385-4211-B49F-9E042DD3EFBB}.Release|iPhoneSimulator.Build.0 = Release|iPhoneSimulator
		{64F184FE-4385-4211-B49F-9E042DD3EFBB}.Release|iPhoneSimulator.Deploy.0 = Release|iPhoneSimulator
		{AA600E49-7F6A-42FA-B81D-9C33FAED202A}.Debug|Any CPU.ActiveCfg = Debug|Any CPU
		{AA600E49-7F6A-42FA-B81D-9C33FAED202A}.Debug|Any CPU.Build.0 = Debug|Any CPU
		{AA600E49-7F6A-42FA-B81D-9C33FAED202A}.Debug|Any CPU.Deploy.0 = Debug|Any CPU
		{AA600E49-7F6A-42FA-B81D-9C33FAED202A}.Debug|iPhone.ActiveCfg = Debug|Any CPU
		{AA600E49-7F6A-42FA-B81D-9C33FAED202A}.Debug|iPhone.Build.0 = Debug|Any CPU
		{AA600E49-7F6A-42FA-B81D-9C33FAED202A}.Debug|iPhone.Deploy.0 = Debug|Any CPU
		{AA600E49-7F6A-42FA-B81D-9C33FAED202A}.Debug|iPhoneSimulator.ActiveCfg = Debug|Any CPU
		{AA600E49-7F6A-42FA-B81D-9C33FAED202A}.Debug|iPhoneSimulator.Build.0 = Debug|Any CPU
		{AA600E49-7F6A-42FA-B81D-9C33FAED202A}.Debug|iPhoneSimulator.Deploy.0 = Debug|Any CPU
		{AA600E49-7F6A-42FA-B81D-9C33FAED202A}.Release|Any CPU.ActiveCfg = Release|Any CPU
		{AA600E49-7F6A-42FA-B81D-9C33FAED202A}.Release|Any CPU.Build.0 = Release|Any CPU
		{AA600E49-7F6A-42FA-B81D-9C33FAED202A}.Release|Any CPU.Deploy.0 = Release|Any CPU
		{AA600E49-7F6A-42FA-B81D-9C33FAED202A}.Release|iPhone.ActiveCfg = Release|Any CPU
		{AA600E49-7F6A-42FA-B81D-9C33FAED202A}.Release|iPhone.Build.0 = Release|Any CPU
		{AA600E49-7F6A-42FA-B81D-9C33FAED202A}.Release|iPhone.Deploy.0 = Release|Any CPU
		{AA600E49-7F6A-42FA-B81D-9C33FAED202A}.Release|iPhoneSimulator.ActiveCfg = Release|Any CPU
		{AA600E49-7F6A-42FA-B81D-9C33FAED202A}.Release|iPhoneSimulator.Build.0 = Release|Any CPU
		{AA600E49-7F6A-42FA-B81D-9C33FAED202A}.Release|iPhoneSimulator.Deploy.0 = Release|Any CPU
		{B934ADCA-35A3-448A-978F-53FC6D808005}.Debug|Any CPU.ActiveCfg = Debug|Any CPU
		{B934ADCA-35A3-448A-978F-53FC6D808005}.Debug|Any CPU.Build.0 = Debug|Any CPU
		{B934ADCA-35A3-448A-978F-53FC6D808005}.Debug|iPhone.ActiveCfg = Debug|Any CPU
		{B934ADCA-35A3-448A-978F-53FC6D808005}.Debug|iPhone.Build.0 = Debug|Any CPU
		{B934ADCA-35A3-448A-978F-53FC6D808005}.Debug|iPhoneSimulator.ActiveCfg = Debug|Any CPU
		{B934ADCA-35A3-448A-978F-53FC6D808005}.Debug|iPhoneSimulator.Build.0 = Debug|Any CPU
		{B934ADCA-35A3-448A-978F-53FC6D808005}.Release|Any CPU.ActiveCfg = Release|Any CPU
		{B934ADCA-35A3-448A-978F-53FC6D808005}.Release|Any CPU.Build.0 = Release|Any CPU
		{B934ADCA-35A3-448A-978F-53FC6D808005}.Release|iPhone.ActiveCfg = Release|Any CPU
		{B934ADCA-35A3-448A-978F-53FC6D808005}.Release|iPhone.Build.0 = Release|Any CPU
		{B934ADCA-35A3-448A-978F-53FC6D808005}.Release|iPhoneSimulator.ActiveCfg = Release|Any CPU
		{B934ADCA-35A3-448A-978F-53FC6D808005}.Release|iPhoneSimulator.Build.0 = Release|Any CPU
	EndGlobalSection
	GlobalSection(SolutionProperties) = preSolution
		HideSolutionNode = FALSE
	EndGlobalSection
	GlobalSection(ExtensibilityGlobals) = postSolution
		SolutionGuid = {B04CD7D7-97A1-4FD3-806B-0376633F8B9C}
	EndGlobalSection
EndGlobal
